
Microsoft Visual Studio Solution File, Format Version 12.00
# Visual Studio Version 17
VisualStudioVersion = 17.9.34701.34
MinimumVisualStudioVersion = 10.0.40219.1
Project("{FAE04EC0-301F-11D3-BF4B-00C04F79EFBC}") = "4.1.1.1_DataTypes", "4.1.1.1_DataTypes\4.1.1.1_DataTypes.csproj", "{6F394DE4-FB64-4490-B5FF-124D2F195CBA}"
EndProject
Global
	GlobalSection(SolutionConfigurationPlatforms) = preSolution
		Debug|Any CPU = Debug|Any CPU
		Release|Any CPU = Release|Any CPU
	EndGlobalSection
	GlobalSection(ProjectConfigurationPlatforms) = postSolution
		{6F394DE4-FB64-4490-B5FF-124D2F195CBA}.Debug|Any CPU.ActiveCfg = Debug|Any CPU
		{6F394DE4-FB64-4490-B5FF-124D2F195CBA}.Debug|Any CPU.Build.0 = Debug|Any CPU
		{6F394DE4-FB64-4490-B5FF-124D2F195CBA}.Release|Any CPU.ActiveCfg = Release|Any CPU
		{6F394DE4-FB64-4490-B5FF-124D2F195CBA}.Release|Any CPU.Build.0 = Release|Any CPU
	EndGlobalSection
	GlobalSection(SolutionProperties) = preSolution
		HideSolutionNode = FALSE
	EndGlobalSection
	GlobalSection(ExtensibilityGlobals) = postSolution
		SolutionGuid = {0D040C1A-A50F-45D2-9036-AE66A2F34B9F}
	EndGlobalSection
EndGlobal
